
Microsoft Visual Studio Solution File, Format Version 12.00
# Visual Studio Version 17
VisualStudioVersion = 17.4.33110.190
MinimumVisualStudioVersion = 10.0.40219.1
Project("{FAE04EC0-301F-11D3-BF4B-00C04F79EFBC}") = "HyperOptimizedTelemetry", "HyperOptimizedTelemetry\HyperOptimizedTelemetry.csproj", "{843F79FB-EF4B-4C97-B2A7-E92EF0A61821}"
EndProject
Global
	GlobalSection(SolutionConfigurationPlatforms) = preSolution
		Debug|Any CPU = Debug|Any CPU
		Release|Any CPU = Release|Any CPU
	EndGlobalSection
	GlobalSection(ProjectConfigurationPlatforms) = postSolution
		{843F79FB-EF4B-4C97-B2A7-E92EF0A61821}.Debug|Any CPU.ActiveCfg = Debug|Any CPU
		{843F79FB-EF4B-4C97-B2A7-E92EF0A61821}.Debug|Any CPU.Build.0 = Debug|Any CPU
		{843F79FB-EF4B-4C97-B2A7-E92EF0A61821}.Release|Any CPU.ActiveCfg = Release|Any CPU
		{843F79FB-EF4B-4C97-B2A7-E92EF0A61821}.Release|Any CPU.Build.0 = Release|Any CPU
	EndGlobalSection
	GlobalSection(SolutionProperties) = preSolution
		HideSolutionNode = FALSE
	EndGlobalSection
	GlobalSection(ExtensibilityGlobals) = postSolution
		SolutionGuid = {FEDF7445-B001-41DD-B79A-D76F4C0D083A}
	EndGlobalSection
EndGlobal
